// !$*UTF8*$!
{
	archiveVersion = 1;
	classes = {
	};
	objectVersion = 48;
	objects = {

/* Begin PBXBuildFile section */
		965D3DB5202C272500003FDE /* AppDelegate.m in Sources */ = {isa = PBXBuildFile; fileRef = 965D3DB4202C272500003FDE /* AppDelegate.m */; };
		965D3DB8202C272500003FDE /* ViewController.m in Sources */ = {isa = PBXBuildFile; fileRef = 965D3DB7202C272500003FDE /* ViewController.m */; };
		965D3DBB202C272500003FDE /* Main.storyboard in Resources */ = {isa = PBXBuildFile; fileRef = 965D3DB9202C272500003FDE /* Main.storyboard */; };
		965D3DBD202C272500003FDE /* Assets.xcassets in Resources */ = {isa = PBXBuildFile; fileRef = 965D3DBC202C272500003FDE /* Assets.xcassets */; };
		965D3DC0202C272500003FDE /* LaunchScreen.storyboard in Resources */ = {isa = PBXBuildFile; fileRef = 965D3DBE202C272500003FDE /* LaunchScreen.storyboard */; };
		965D3DC3202C272500003FDE /* main.m in Sources */ = {isa = PBXBuildFile; fileRef = 965D3DC2202C272500003FDE /* main.m */; };
		D8D15B32615C2952DD7E1515 /* Pods_Readhub.framework in Frameworks */ = {isa = PBXBuildFile; fileRef = 50C0F0B6A3B42B4897744694 /* Pods_Readhub.framework */; };
/* End PBXBuildFile section */

/* Begin PBXFileReference section */
		0505BEB40AC2293F66A13912 /* Pods-Readhub.debug.xcconfig */ = {isa = PBXFileReference; includeInIndex = 1; lastKnownFileType = text.xcconfig; name = "Pods-Readhub.debug.xcconfig"; path = "Pods/Target Support Files/Pods-Readhub/Pods-Readhub.debug.xcconfig"; sourceTree = "<group>"; };
		50C0F0B6A3B42B4897744694 /* Pods_Readhub.framework */ = {isa = PBXFileReference; explicitFileType = wrapper.framework; includeInIndex = 0; path = Pods_Readhub.framework; sourceTree = BUILT_PRODUCTS_DIR; };
		965D3DB0202C272500003FDE /* Readhub.app */ = {isa = PBXFileReference; explicitFileType = wrapper.application; includeInIndex = 0; path = Readhub.app; sourceTree = BUILT_PRODUCTS_DIR; };
		965D3DB3202C272500003FDE /* AppDelegate.h */ = {isa = PBXFileReference; lastKnownFileType = sourcecode.c.h; path = AppDelegate.h; sourceTree = "<group>"; };
		965D3DB4202C272500003FDE /* AppDelegate.m */ = {isa = PBXFileReference; lastKnownFileType = sourcecode.c.objc; path = AppDelegate.m; sourceTree = "<group>"; };
		965D3DB6202C272500003FDE /* ViewController.h */ = {isa = PBXFileReference; lastKnownFileType = sourcecode.c.h; path = ViewController.h; sourceTree = "<group>"; };
		965D3DB7202C272500003FDE /* ViewController.m */ = {isa = PBXFileReference; lastKnownFileType = sourcecode.c.objc; path = ViewController.m; sourceTree = "<group>"; };
		965D3DBA202C272500003FDE /* Base */ = {isa = PBXFileReference; lastKnownFileType = file.storyboard; name = Base; path = Base.lproj/Main.storyboard; sourceTree = "<group>"; };
		965D3DBC202C272500003FDE /* Assets.xcassets */ = {isa = PBXFileReference; lastKnownFileType = folder.assetcatalog; path = Assets.xcassets; sourceTree = "<group>"; };
		965D3DBF202C272500003FDE /* Base */ = {isa = PBXFileReference; lastKnownFileType = file.storyboard; name = Base; path = Base.lproj/LaunchScreen.storyboard; sourceTree = "<group>"; };
		965D3DC1202C272500003FDE /* Info.plist */ = {isa = PBXFileReference; lastKnownFileType = text.plist.xml; path = Info.plist; sourceTree = "<group>"; };
		965D3DC2202C272500003FDE /* main.m */ = {isa = PBXFileReference; lastKnownFileType = sourcecode.c.objc; path = main.m; sourceTree = "<group>"; };
		9BBBE41D588305B0B25E6A6D /* Pods-Readhub.release.xcconfig */ = {isa = PBXFileReference; includeInIndex = 1; lastKnownFileType = text.xcconfig; name = "Pods-Readhub.release.xcconfig"; path = "Pods/Target Support Files/Pods-Readhub/Pods-Readhub.release.xcconfig"; sourceTree = "<group>"; };
/* End PBXFileReference section */

/* Begin PBXFrameworksBuildPhase section */
		965D3DAD202C272500003FDE /* Frameworks */ = {
			isa = PBXFrameworksBuildPhase;
			buildActionMask = 2147483647;
			files = (
				D8D15B32615C2952DD7E1515 /* Pods_Readhub.framework in Frameworks */,
			);
			runOnlyForDeploymentPostprocessing = 0;
		};
/* End PBXFrameworksBuildPhase section */

/* Begin PBXGroup section */
		063CF601AD01689936347E81 /* Pods */ = {
			isa = PBXGroup;
			children = (
				0505BEB40AC2293F66A13912 /* Pods-Readhub.debug.xcconfig */,
				9BBBE41D588305B0B25E6A6D /* Pods-Readhub.release.xcconfig */,
			);
			name = Pods;
			sourceTree = "<group>";
		};
		965D3DA7202C272500003FDE = {
			isa = PBXGroup;
			children = (
				965D3DB2202C272500003FDE /* Readhub */,
				965D3DB1202C272500003FDE /* Products */,
				063CF601AD01689936347E81 /* Pods */,
				9FF637BE58E10C1F01266179 /* Frameworks */,
			);
			sourceTree = "<group>";
		};
		965D3DB1202C272500003FDE /* Products */ = {
			isa = PBXGroup;
			children = (
				965D3DB0202C272500003FDE /* Readhub.app */,
			);
			name = Products;
			sourceTree = "<group>";
		};
		965D3DB2202C272500003FDE /* Readhub */ = {
			isa = PBXGroup;
			children = (
				965D3DB3202C272500003FDE /* AppDelegate.h */,
				965D3DB4202C272500003FDE /* AppDelegate.m */,
				965D3DB6202C272500003FDE /* ViewController.h */,
				965D3DB7202C272500003FDE /* ViewController.m */,
				965D3DB9202C272500003FDE /* Main.storyboard */,
				965D3DBC202C272500003FDE /* Assets.xcassets */,
				965D3DBE202C272500003FDE /* LaunchScreen.storyboard */,
				965D3DC1202C272500003FDE /* Info.plist */,
				965D3DC2202C272500003FDE /* main.m */,
			);
			path = Readhub;
			sourceTree = "<group>";
		};
		9FF637BE58E10C1F01266179 /* Frameworks */ = {
			isa = PBXGroup;
			children = (
				50C0F0B6A3B42B4897744694 /* Pods_Readhub.framework */,
			);
			name = Frameworks;
			sourceTree = "<group>";
		};
/* End PBXGroup section */

/* Begin PBXNativeTarget section */
		965D3DAF202C272500003FDE /* Readhub */ = {
			isa = PBXNativeTarget;
			buildConfigurationList = 965D3DC6202C272500003FDE /* Build configuration list for PBXNativeTarget "Readhub" */;
			buildPhases = (
				BE6BAF2E70359ADABA60EE71 /* [CP] Check Pods Manifest.lock */,
				965D3DAC202C272500003FDE /* Sources */,
				965D3DAD202C272500003FDE /* Frameworks */,
				965D3DAE202C272500003FDE /* Resources */,
				0FB13943F69C78ACDD2B20CC /* [CP] Embed Pods Frameworks */,
				5B7301B1DF88B0A0E0DE6E13 /* [CP] Copy Pods Resources */,
			);
			buildRules = (
			);
			dependencies = (
			);
			name = Readhub;
			productName = Readhub;
			productReference = 965D3DB0202C272500003FDE /* Readhub.app */;
			productType = "com.apple.product-type.application";
		};
/* End PBXNativeTarget section */

/* Begin PBXProject section */
		965D3DA8202C272500003FDE /* Project object */ = {
			isa = PBXProject;
			attributes = {
				LastUpgradeCheck = 0920;
				ORGANIZATIONNAME = kilolumen;
				TargetAttributes = {
					965D3DAF202C272500003FDE = {
						CreatedOnToolsVersion = 9.2;
						ProvisioningStyle = Automatic;
					};
				};
			};
			buildConfigurationList = 965D3DAB202C272500003FDE /* Build configuration list for PBXProject "Readhub" */;
			compatibilityVersion = "Xcode 8.0";
			developmentRegion = en;
			hasScannedForEncodings = 0;
			knownRegions = (
				en,
				Base,
			);
			mainGroup = 965D3DA7202C272500003FDE;
			productRefGroup = 965D3DB1202C272500003FDE /* Products */;
			projectDirPath = "";
			projectRoot = "";
			targets = (
				965D3DAF202C272500003FDE /* Readhub */,
			);
		};
/* End PBXProject section */

/* Begin PBXResourcesBuildPhase section */
		965D3DAE202C272500003FDE /* Resources */ = {
			isa = PBXResourcesBuildPhase;
			buildActionMask = 2147483647;
			files = (
				965D3DC0202C272500003FDE /* LaunchScreen.storyboard in Resources */,
				965D3DBD202C272500003FDE /* Assets.xcassets in Resources */,
				965D3DBB202C272500003FDE /* Main.storyboard in Resources */,
			);
			runOnlyForDeploymentPostprocessing = 0;
		};
/* End PBXResourcesBuildPhase section */

/* Begin PBXShellScriptBuildPhase section */
		0FB13943F69C78ACDD2B20CC /* [CP] Embed Pods Frameworks */ = {
			isa = PBXShellScriptBuildPhase;
			buildActionMask = 2147483647;
			files = (
			);
			inputPaths = (
				"${SRCROOT}/Pods/Target Support Files/Pods-Readhub/Pods-Readhub-frameworks.sh",
				"${PODS_ROOT}/Reveal-SDK/RevealServer-4/iOS/RevealServer.framework",
			);
			name = "[CP] Embed Pods Frameworks";
			outputPaths = (
				"${TARGET_BUILD_DIR}/${FRAMEWORKS_FOLDER_PATH}/RevealServer.framework",
			);
			runOnlyForDeploymentPostprocessing = 0;
			shellPath = /bin/sh;
			shellScript = "\"${SRCROOT}/Pods/Target Support Files/Pods-Readhub/Pods-Readhub-frameworks.sh\"\n";
			showEnvVarsInLog = 0;
		};
		5B7301B1DF88B0A0E0DE6E13 /* [CP] Copy Pods Resources */ = {
			isa = PBXShellScriptBuildPhase;
			buildActionMask = 2147483647;
			files = (
			);
			inputPaths = (
			);
			name = "[CP] Copy Pods Resources";
			outputPaths = (
			);
			runOnlyForDeploymentPostprocessing = 0;
			shellPath = /bin/sh;
			shellScript = "\"${SRCROOT}/Pods/Target Support Files/Pods-Readhub/Pods-Readhub-resources.sh\"\n";
			showEnvVarsInLog = 0;
		};
		BE6BAF2E70359ADABA60EE71 /* [CP] Check Pods Manifest.lock */ = {
			isa = PBXShellScriptBuildPhase;
			buildActionMask = 2147483647;
			files = (
			);
			inputPaths = (
				"${PODS_PODFILE_DIR_PATH}/Podfile.lock",
				"${PODS_ROOT}/Manifest.lock",
			);
			name = "[CP] Check Pods Manifest.lock";
			outputPaths = (
				"$(DERIVED_FILE_DIR)/Pods-Readhub-checkManifestLockResult.txt",
			);
			runOnlyForDeploymentPostprocessing = 0;
			shellPath = /bin/sh;
			shellScript = "diff \"${PODS_PODFILE_DIR_PATH}/Podfile.lock\" \"${PODS_ROOT}/Manifest.lock\" > /dev/null\nif [ $? != 0 ] ; then\n    # print error to STDERR\n    echo \"error: The sandbox is not in sync with the Podfile.lock. Run 'pod install' or update your CocoaPods installation.\" >&2\n    exit 1\nfi\n# This output is used by Xcode 'outputs' to avoid re-running this script phase.\necho \"SUCCESS\" > \"${SCRIPT_OUTPUT_FILE_0}\"\n";
			showEnvVarsInLog = 0;
		};
/* End PBXShellScriptBuildPhase section */

/* Begin PBXSourcesBuildPhase section */
		965D3DAC202C272500003FDE /* Sources */ = {
			isa = PBXSourcesBuildPhase;
			buildActionMask = 2147483647;
			files = (
				965D3DB8202C272500003FDE /* ViewController.m in Sources */,
				965D3DC3202C272500003FDE /* main.m in Sources */,
				965D3DB5202C272500003FDE /* AppDelegate.m in Sources */,
			);
			runOnlyForDeploymentPostprocessing = 0;
		};
/* End PBXSourcesBuildPhase section */

/* Begin PBXVariantGroup section */
		965D3DB9202C272500003FDE /* Main.storyboard */ = {
			isa = PBXVariantGroup;
			children = (
				965D3DBA202C272500003FDE /* Base */,
			);
			name = Main.storyboard;
			sourceTree = "<group>";
		};
		965D3DBE202C272500003FDE /* LaunchScreen.storyboard */ = {
			isa = PBXVariantGroup;
			children = (
				965D3DBF202C272500003FDE /* Base */,
			);
			name = LaunchScreen.storyboard;
			sourceTree = "<group>";
		};
/* End PBXVariantGroup section */

/* Begin XCBuildConfiguration section */
		965D3DC4202C272500003FDE /* Debug */ = {
			isa = XCBuildConfiguration;
			buildSettings = {
				ALWAYS_SEARCH_USER_PATHS = NO;
				CLANG_ANALYZER_NONNULL = YES;
				CLANG_ANALYZER_NUMBER_OBJECT_CONVERSION = YES_AGGRESSIVE;
				CLANG_CXX_LANGUAGE_STANDARD = "gnu++14";
				CLANG_CXX_LIBRARY = "libc++";
				CLANG_ENABLE_MODULES = YES;
				CLANG_ENABLE_OBJC_ARC = YES;
				CLANG_WARN_BLOCK_CAPTURE_AUTORELEASING = YES;
				CLANG_WARN_BOOL_CONVERSION = YES;
				CLANG_WARN_COMMA = YES;
				CLANG_WARN_CONSTANT_CONVERSION = YES;
				CLANG_WARN_DIRECT_OBJC_ISA_USAGE = YES_ERROR;
				CLANG_WARN_DOCUMENTATION_COMMENTS = YES;
				CLANG_WARN_EMPTY_BODY = YES;
				CLANG_WARN_ENUM_CONVERSION = YES;
				CLANG_WARN_INFINITE_RECURSION = YES;
				CLANG_WARN_INT_CONVERSION = YES;
				CLANG_WARN_NON_LITERAL_NULL_CONVERSION = YES;
				CLANG_WARN_OBJC_LITERAL_CONVERSION = YES;
				CLANG_WARN_OBJC_ROOT_CLASS = YES_ERROR;
				CLANG_WARN_RANGE_LOOP_ANALYSIS = YES;
				CLANG_WARN_STRICT_PROTOTYPES = YES;
				CLANG_WARN_SUSPICIOUS_MOVE = YES;
				CLANG_WARN_UNGUARDED_AVAILABILITY = YES_AGGRESSIVE;
				CLANG_WARN_UNREACHABLE_CODE = YES;
				CLANG_WARN__DUPLICATE_METHOD_MATCH = YES;
				CODE_SIGN_IDENTITY = "iPhone Developer";
				COPY_PHASE_STRIP = NO;
				DEBUG_INFORMATION_FORMAT = dwarf;
				ENABLE_STRICT_OBJC_MSGSEND = YES;
				ENABLE_TESTABILITY = YES;
				GCC_C_LANGUAGE_STANDARD = gnu11;
				GCC_DYNAMIC_NO_PIC = NO;
				GCC_NO_COMMON_BLOCKS = YES;
				GCC_OPTIMIZATION_LEVEL = 0;
				GCC_PREPROCESSOR_DEFINITIONS = (
					"DEBUG=1",
					"$(inherited)",
				);
				GCC_WARN_64_TO_32_BIT_CONVERSION = YES;
				GCC_WARN_ABOUT_RETURN_TYPE = YES_ERROR;
				GCC_WARN_UNDECLARED_SELECTOR = YES;
				GCC_WARN_UNINITIALIZED_AUTOS = YES_AGGRESSIVE;
				GCC_WARN_UNUSED_FUNCTION = YES;
				GCC_WARN_UNUSED_VARIABLE = YES;
				IPHONEOS_DEPLOYMENT_TARGET = 11.2;
				MTL_ENABLE_DEBUG_INFO = YES;
				ONLY_ACTIVE_ARCH = YES;
				SDKROOT = iphoneos;
			};
			name = Debug;
		};
		965D3DC5202C272500003FDE /* Release */ = {
			isa = XCBuildConfiguration;
			buildSettings = {
				ALWAYS_SEARCH_USER_PATHS = NO;
				CLANG_ANALYZER_NONNULL = YES;
				CLANG_ANALYZER_NUMBER_OBJECT_CONVERSION = YES_AGGRESSIVE;
				CLANG_CXX_LANGUAGE_STANDARD = "gnu++14";
				CLANG_CXX_LIBRARY = "libc++";
				CLANG_ENABLE_MODULES = YES;
				CLANG_ENABLE_OBJC_ARC = YES;
				CLANG_WARN_BLOCK_CAPTURE_AUTORELEASING = YES;
				CLANG_WARN_BOOL_CONVERSION = YES;
				CLANG_WARN_COMMA = YES;
				CLANG_WARN_CONSTANT_CONVERSION = YES;
				CLANG_WARN_DIRECT_OBJC_ISA_USAGE = YES_ERROR;
				CLANG_WARN_DOCUMENTATION_COMMENTS = YES;
				CLANG_WARN_EMPTY_BODY = YES;
				CLANG_WARN_ENUM_CONVERSION = YES;
				CLANG_WARN_INFINITE_RECURSION = YES;
				CLANG_WARN_INT_CONVERSION = YES;
				CLANG_WARN_NON_LITERAL_NULL_CONVERSION = YES;
				CLANG_WARN_OBJC_LITERAL_CONVERSION = YES;
				CLANG_WARN_OBJC_ROOT_CLASS = YES_ERROR;
				CLANG_WARN_RANGE_LOOP_ANALYSIS = YES;
				CLANG_WARN_STRICT_PROTOTYPES = YES;
				CLANG_WARN_SUSPICIOUS_MOVE = YES;
				CLANG_WARN_UNGUARDED_AVAILABILITY = YES_AGGRESSIVE;
				CLANG_WARN_UNREACHABLE_CODE = YES;
				CLANG_WARN__DUPLICATE_METHOD_MATCH = YES;
				CODE_SIGN_IDENTITY = "iPhone Developer";
				COPY_PHASE_STRIP = NO;
				DEBUG_INFORMATION_FORMAT = "dwarf-with-dsym";
				ENABLE_NS_ASSERTIONS = NO;
				ENABLE_STRICT_OBJC_MSGSEND = YES;
				GCC_C_LANGUAGE_STANDARD = gnu11;
				GCC_NO_COMMON_BLOCKS = YES;
				GCC_WARN_64_TO_32_BIT_CONVERSION = YES;
				GCC_WARN_ABOUT_RETURN_TYPE = YES_ERROR;
				GCC_WARN_UNDECLARED_SELECTOR = YES;
				GCC_WARN_UNINITIALIZED_AUTOS = YES_AGGRESSIVE;
				GCC_WARN_UNUSED_FUNCTION = YES;
				GCC_WARN_UNUSED_VARIABLE = YES;
				IPHONEOS_DEPLOYMENT_TARGET = 11.2;
				MTL_ENABLE_DEBUG_INFO = NO;
				SDKROOT = iphoneos;
				VALIDATE_PRODUCT = YES;
			};
			name = Release;
		};
		965D3DC7202C272500003FDE /* Debug */ = {
			isa = XCBuildConfiguration;
			baseConfigurationReference = 0505BEB40AC2293F66A13912 /* Pods-Readhub.debug.xcconfig */;
			buildSettings = {
				ASSETCATALOG_COMPILER_APPICON_NAME = AppIcon;
				CODE_SIGN_STYLE = Automatic;
				INFOPLIST_FILE = Readhub/Info.plist;
				IPHONEOS_DEPLOYMENT_TARGET = 9.0;
				LD_RUNPATH_SEARCH_PATHS = "$(inherited) @executable_path/Frameworks";
				PRODUCT_BUNDLE_IDENTIFIER = me.kilolumen.Readhub;
				PRODUCT_NAME = "$(TARGET_NAME)";
				TARGETED_DEVICE_FAMILY = "1,2";
			};
			name = Debug;
		};
		965D3DC8202C272500003FDE /* Release */ = {
			isa = XCBuildConfiguration;
			baseConfigurationReference = 9BBBE41D588305B0B25E6A6D /* Pods-Readhub.release.xcconfig */;
			buildSettings = {
				ASSETCATALOG_COMPILER_APPICON_NAME = AppIcon;
				CODE_SIGN_STYLE = Automatic;
				INFOPLIST_FILE = Readhub/Info.plist;
				IPHONEOS_DEPLOYMENT_TARGET = 9.0;
				LD_RUNPATH_SEARCH_PATHS = "$(inherited) @executable_path/Frameworks";
				PRODUCT_BUNDLE_IDENTIFIER = me.kilolumen.Readhub;
				PRODUCT_NAME = "$(TARGET_NAME)";
				TARGETED_DEVICE_FAMILY = "1,2";
			};
			name = Release;
		};
/* End XCBuildConfiguration section */

/* Begin XCConfigurationList section */
		965D3DAB202C272500003FDE /* Build configuration list for PBXProject "Readhub" */ = {
			isa = XCConfigurationList;
			buildConfigurations = (
				965D3DC4202C272500003FDE /* Debug */,
				965D3DC5202C272500003FDE /* Release */,
			);
			defaultConfigurationIsVisible = 0;
			defaultConfigurationName = Release;
		};
		965D3DC6202C272500003FDE /* Build configuration list for PBXNativeTarget "Readhub" */ = {
			isa = XCConfigurationList;
			buildConfigurations = (
				965D3DC7202C272500003FDE /* Debug */,
				965D3DC8202C272500003FDE /* Release */,
			);
			defaultConfigurationIsVisible = 0;
			defaultConfigurationName = Release;
		};
/* End XCConfigurationList section */
	};
	rootObject = 965D3DA8202C272500003FDE /* Project object */;
}
